
Microsoft Visual Studio Solution File, Format Version 12.00
# Visual Studio Version 16
VisualStudioVersion = 16.0.31410.357
MinimumVisualStudioVersion = 10.0.40219.1
Project("{FAE04EC0-301F-11D3-BF4B-00C04F79EFBC}") = "Modul_5", "Modul_5\Modul_5.csproj", "{207586BD-7E8E-48DB-AF13-40BC60C7D84A}"
EndProject
Project("{FAE04EC0-301F-11D3-BF4B-00C04F79EFBC}") = "Num_2", "Num_2\Num_2.csproj", "{F71F44B4-760B-497F-AE61-51FECDC313E6}"
EndProject
Project("{FAE04EC0-301F-11D3-BF4B-00C04F79EFBC}") = "Num_3", "Num_3\Num_3.csproj", "{68ED0B2B-CADE-4776-B1E2-A001D7079794}"
EndProject
Global
	GlobalSection(SolutionConfigurationPlatforms) = preSolution
		Debug|Any CPU = Debug|Any CPU
		Release|Any CPU = Release|Any CPU
	EndGlobalSection
	GlobalSection(ProjectConfigurationPlatforms) = postSolution
		{207586BD-7E8E-48DB-AF13-40BC60C7D84A}.Debug|Any CPU.ActiveCfg = Debug|Any CPU
		{207586BD-7E8E-48DB-AF13-40BC60C7D84A}.Debug|Any CPU.Build.0 = Debug|Any CPU
		{207586BD-7E8E-48DB-AF13-40BC60C7D84A}.Release|Any CPU.ActiveCfg = Release|Any CPU
		{207586BD-7E8E-48DB-AF13-40BC60C7D84A}.Release|Any CPU.Build.0 = Release|Any CPU
		{F71F44B4-760B-497F-AE61-51FECDC313E6}.Debug|Any CPU.ActiveCfg = Debug|Any CPU
		{F71F44B4-760B-497F-AE61-51FECDC313E6}.Debug|Any CPU.Build.0 = Debug|Any CPU
		{F71F44B4-760B-497F-AE61-51FECDC313E6}.Release|Any CPU.ActiveCfg = Release|Any CPU
		{F71F44B4-760B-497F-AE61-51FECDC313E6}.Release|Any CPU.Build.0 = Release|Any CPU
		{68ED0B2B-CADE-4776-B1E2-A001D7079794}.Debug|Any CPU.ActiveCfg = Debug|Any CPU
		{68ED0B2B-CADE-4776-B1E2-A001D7079794}.Debug|Any CPU.Build.0 = Debug|Any CPU
		{68ED0B2B-CADE-4776-B1E2-A001D7079794}.Release|Any CPU.ActiveCfg = Release|Any CPU
		{68ED0B2B-CADE-4776-B1E2-A001D7079794}.Release|Any CPU.Build.0 = Release|Any CPU
	EndGlobalSection
	GlobalSection(SolutionProperties) = preSolution
		HideSolutionNode = FALSE
	EndGlobalSection
	GlobalSection(ExtensibilityGlobals) = postSolution
		SolutionGuid = {81E6B75C-B2D2-438F-955D-699F3A1C9C8B}
	EndGlobalSection
EndGlobal
